
Microsoft Visual Studio Solution File, Format Version 12.00
# Visual Studio Version 17
VisualStudioVersion = 17.10.35027.167
MinimumVisualStudioVersion = 10.0.40219.1
Project("{FAE04EC0-301F-11D3-BF4B-00C04F79EFBC}") = "WeakImages", "WeakImages\WeakImages.csproj", "{600A4FA0-F019-4400-AA11-2B16867E2CC6}"
EndProject
Global
	GlobalSection(SolutionConfigurationPlatforms) = preSolution
		Debug|Any CPU = Debug|Any CPU
		Release|Any CPU = Release|Any CPU
	EndGlobalSection
	GlobalSection(ProjectConfigurationPlatforms) = postSolution
		{600A4FA0-F019-4400-AA11-2B16867E2CC6}.Debug|Any CPU.ActiveCfg = Debug|Any CPU
		{600A4FA0-F019-4400-AA11-2B16867E2CC6}.Debug|Any CPU.Build.0 = Debug|Any CPU
		{600A4FA0-F019-4400-AA11-2B16867E2CC6}.Release|Any CPU.ActiveCfg = Release|Any CPU
		{600A4FA0-F019-4400-AA11-2B16867E2CC6}.Release|Any CPU.Build.0 = Release|Any CPU
	EndGlobalSection
	GlobalSection(SolutionProperties) = preSolution
		HideSolutionNode = FALSE
	EndGlobalSection
	GlobalSection(ExtensibilityGlobals) = postSolution
		SolutionGuid = {37FCFA66-1581-4B21-BE1E-707C56B45F32}
	EndGlobalSection
EndGlobal
